
Microsoft Visual Studio Solution File, Format Version 12.00
# Visual Studio Version 16
VisualStudioVersion = 16.0.28809.33
MinimumVisualStudioVersion = 10.0.40219.1
Project("{9A19103F-16F7-4668-BE54-9A1E7A4F7556}") = "openbankapi", "openbankapi\openbankapi.csproj", "{FA7360FC-4F6A-4D81-A486-7EA69893B565}"
EndProject
Project("{FAE04EC0-301F-11D3-BF4B-00C04F79EFBC}") = "openbankapi.service", "openbankapi.service\openbankapi.service.csproj", "{1A5430B9-B243-42EF-B042-2A008289EB24}"
EndProject
Project("{FAE04EC0-301F-11D3-BF4B-00C04F79EFBC}") = "openbankapi.nunit.tests", "openbankapi.nunit.tests\openbankapi.nunit.tests.csproj", "{4596059A-D2C9-4106-A7B7-389B52446C40}"
EndProject
Global
	GlobalSection(SolutionConfigurationPlatforms) = preSolution
		Debug|Any CPU = Debug|Any CPU
		Release|Any CPU = Release|Any CPU
	EndGlobalSection
	GlobalSection(ProjectConfigurationPlatforms) = postSolution
		{FA7360FC-4F6A-4D81-A486-7EA69893B565}.Debug|Any CPU.ActiveCfg = Debug|Any CPU
		{FA7360FC-4F6A-4D81-A486-7EA69893B565}.Debug|Any CPU.Build.0 = Debug|Any CPU
		{FA7360FC-4F6A-4D81-A486-7EA69893B565}.Release|Any CPU.ActiveCfg = Release|Any CPU
		{FA7360FC-4F6A-4D81-A486-7EA69893B565}.Release|Any CPU.Build.0 = Release|Any CPU
		{1A5430B9-B243-42EF-B042-2A008289EB24}.Debug|Any CPU.ActiveCfg = Debug|Any CPU
		{1A5430B9-B243-42EF-B042-2A008289EB24}.Debug|Any CPU.Build.0 = Debug|Any CPU
		{1A5430B9-B243-42EF-B042-2A008289EB24}.Release|Any CPU.ActiveCfg = Release|Any CPU
		{1A5430B9-B243-42EF-B042-2A008289EB24}.Release|Any CPU.Build.0 = Release|Any CPU
		{4596059A-D2C9-4106-A7B7-389B52446C40}.Debug|Any CPU.ActiveCfg = Debug|Any CPU
		{4596059A-D2C9-4106-A7B7-389B52446C40}.Debug|Any CPU.Build.0 = Debug|Any CPU
		{4596059A-D2C9-4106-A7B7-389B52446C40}.Release|Any CPU.ActiveCfg = Release|Any CPU
		{4596059A-D2C9-4106-A7B7-389B52446C40}.Release|Any CPU.Build.0 = Release|Any CPU
	EndGlobalSection
	GlobalSection(SolutionProperties) = preSolution
		HideSolutionNode = FALSE
	EndGlobalSection
	GlobalSection(ExtensibilityGlobals) = postSolution
		SolutionGuid = {D436972D-38AA-44A0-A625-9EE9895C1788}
	EndGlobalSection
EndGlobal
